
Microsoft Visual Studio Solution File, Format Version 12.00
# Visual Studio Version 18
VisualStudioVersion = 18.4.11620.152
MinimumVisualStudioVersion = 10.0.40219.1
Project("{2150E333-8FDC-42A3-9474-1A3956D46DE8}") = "Backend", "Backend", "{1AE8ACA6-933B-BF2A-3671-3E2EAC007D16}"
EndProject
Project("{2150E333-8FDC-42A3-9474-1A3956D46DE8}") = "ApiGateway", "ApiGateway", "{7FACA80D-3737-9F55-745C-4E0664411CA4}"
EndProject
Project("{FAE04EC0-301F-11D3-BF4B-00C04F79EFBC}") = "ApiGateway", "server\ApiGateway\ApiGateway.csproj", "{16C52528-042A-4C14-83B2-5354358D0BC4}"
EndProject
Project("{2150E333-8FDC-42A3-9474-1A3956D46DE8}") = "Services", "Services", "{3C755975-A7BD-44BC-C8F9-5B13F14529BF}"
EndProject
Project("{FAE04EC0-301F-11D3-BF4B-00C04F79EFBC}") = "UserService", "server\Services\UserService\UserService.csproj", "{84D846BE-2C94-4A38-889E-56BF64E99E01}"
EndProject
Project("{FAE04EC0-301F-11D3-BF4B-00C04F79EFBC}") = "NotificationService", "server\Services\NotificationService\NotificationService.csproj", "{39997A7F-C7A7-4F99-B316-9B54758AFA52}"
EndProject
Project("{FAE04EC0-301F-11D3-BF4B-00C04F79EFBC}") = "RealTimeCommunicationService", "server\Services\RealTimeCommunicationService\RealTimeCommunicationService.csproj", "{556C351B-6945-4562-9944-C9876207E4D0}"
EndProject
Project("{2150E333-8FDC-42A3-9474-1A3956D46DE8}") = "Frontend", "Frontend", "{CE609670-85B9-0D16-FB54-ED063D5D8A6D}"
EndProject
Project("{FAE04EC0-301F-11D3-BF4B-00C04F79EFBC}") = "client", "client\client.csproj", "{4E4E6CCB-DA94-4954-B206-B4D931581D09}"
EndProject
<<<<<<< Updated upstream
=======
Project("{FAE04EC0-301F-11D3-BF4B-00C04F79EFBC}") = "BookingService", "server\Services\BookingService\BookingService.csproj", "{184275A8-F06C-47E1-B031-E384ACC1E1D7}"
EndProject
Project("{FAE04EC0-301F-11D3-BF4B-00C04F79EFBC}") = "PaymentService", "server\Services\PaymentService\PaymentService.csproj", "{F535C8D5-72C5-4048-8CCE-CCB7808C46C0}"
EndProject
Project("{2150E333-8FDC-42A3-9474-1A3956D46DE8}") = "server", "server", "{DAD03CFC-D5FA-AC94-41C7-9ABAB326F09E}"
EndProject
Project("{2150E333-8FDC-42A3-9474-1A3956D46DE8}") = "Services", "Services", "{D256F550-A13F-C4C1-EAE9-61991241801C}"
EndProject
Project("{FAE04EC0-301F-11D3-BF4B-00C04F79EFBC}") = "ItineraryService", "server\Services\ItineraryService\ItineraryService.csproj", "{737BB122-A800-4BC6-8228-C9CDA3A52024}"
EndProject
Project("{FAE04EC0-301F-11D3-BF4B-00C04F79EFBC}") = "WeatherExternalDataService", "server\Services\WeatherExternalDataService\WeatherExternalDataService.csproj", "{1907D63A-6C81-40D6-9618-925688B0840F}"
EndProject
Project("{FAE04EC0-301F-11D3-BF4B-00C04F79EFBC}") = "AuditService", "AuditService\AuditService.csproj", "{00782DAE-83B2-4FCB-9325-DFF763683DCD}"
EndProject
>>>>>>> Stashed changes
Global
	GlobalSection(SolutionConfigurationPlatforms) = preSolution
		Debug|Any CPU = Debug|Any CPU
		Debug|x64 = Debug|x64
		Debug|x86 = Debug|x86
		Release|Any CPU = Release|Any CPU
		Release|x64 = Release|x64
		Release|x86 = Release|x86
	EndGlobalSection
	GlobalSection(ProjectConfigurationPlatforms) = postSolution
		{16C52528-042A-4C14-83B2-5354358D0BC4}.Debug|Any CPU.ActiveCfg = Debug|Any CPU
		{16C52528-042A-4C14-83B2-5354358D0BC4}.Debug|Any CPU.Build.0 = Debug|Any CPU
		{16C52528-042A-4C14-83B2-5354358D0BC4}.Debug|x64.ActiveCfg = Debug|Any CPU
		{16C52528-042A-4C14-83B2-5354358D0BC4}.Debug|x64.Build.0 = Debug|Any CPU
		{16C52528-042A-4C14-83B2-5354358D0BC4}.Debug|x86.ActiveCfg = Debug|Any CPU
		{16C52528-042A-4C14-83B2-5354358D0BC4}.Debug|x86.Build.0 = Debug|Any CPU
		{16C52528-042A-4C14-83B2-5354358D0BC4}.Release|Any CPU.ActiveCfg = Release|Any CPU
		{16C52528-042A-4C14-83B2-5354358D0BC4}.Release|Any CPU.Build.0 = Release|Any CPU
		{16C52528-042A-4C14-83B2-5354358D0BC4}.Release|x64.ActiveCfg = Release|Any CPU
		{16C52528-042A-4C14-83B2-5354358D0BC4}.Release|x64.Build.0 = Release|Any CPU
		{16C52528-042A-4C14-83B2-5354358D0BC4}.Release|x86.ActiveCfg = Release|Any CPU
		{16C52528-042A-4C14-83B2-5354358D0BC4}.Release|x86.Build.0 = Release|Any CPU
		{84D846BE-2C94-4A38-889E-56BF64E99E01}.Debug|Any CPU.ActiveCfg = Debug|Any CPU
		{84D846BE-2C94-4A38-889E-56BF64E99E01}.Debug|Any CPU.Build.0 = Debug|Any CPU
		{84D846BE-2C94-4A38-889E-56BF64E99E01}.Debug|x64.ActiveCfg = Debug|Any CPU
		{84D846BE-2C94-4A38-889E-56BF64E99E01}.Debug|x64.Build.0 = Debug|Any CPU
		{84D846BE-2C94-4A38-889E-56BF64E99E01}.Debug|x86.ActiveCfg = Debug|Any CPU
		{84D846BE-2C94-4A38-889E-56BF64E99E01}.Debug|x86.Build.0 = Debug|Any CPU
		{84D846BE-2C94-4A38-889E-56BF64E99E01}.Release|Any CPU.ActiveCfg = Release|Any CPU
		{84D846BE-2C94-4A38-889E-56BF64E99E01}.Release|Any CPU.Build.0 = Release|Any CPU
		{84D846BE-2C94-4A38-889E-56BF64E99E01}.Release|x64.ActiveCfg = Release|Any CPU
		{84D846BE-2C94-4A38-889E-56BF64E99E01}.Release|x64.Build.0 = Release|Any CPU
		{84D846BE-2C94-4A38-889E-56BF64E99E01}.Release|x86.ActiveCfg = Release|Any CPU
		{84D846BE-2C94-4A38-889E-56BF64E99E01}.Release|x86.Build.0 = Release|Any CPU
		{39997A7F-C7A7-4F99-B316-9B54758AFA52}.Debug|Any CPU.ActiveCfg = Debug|Any CPU
		{39997A7F-C7A7-4F99-B316-9B54758AFA52}.Debug|Any CPU.Build.0 = Debug|Any CPU
		{39997A7F-C7A7-4F99-B316-9B54758AFA52}.Debug|x64.ActiveCfg = Debug|Any CPU
		{39997A7F-C7A7-4F99-B316-9B54758AFA52}.Debug|x64.Build.0 = Debug|Any CPU
		{39997A7F-C7A7-4F99-B316-9B54758AFA52}.Debug|x86.ActiveCfg = Debug|Any CPU
		{39997A7F-C7A7-4F99-B316-9B54758AFA52}.Debug|x86.Build.0 = Debug|Any CPU
		{39997A7F-C7A7-4F99-B316-9B54758AFA52}.Release|Any CPU.ActiveCfg = Release|Any CPU
		{39997A7F-C7A7-4F99-B316-9B54758AFA52}.Release|Any CPU.Build.0 = Release|Any CPU
		{39997A7F-C7A7-4F99-B316-9B54758AFA52}.Release|x64.ActiveCfg = Release|Any CPU
		{39997A7F-C7A7-4F99-B316-9B54758AFA52}.Release|x64.Build.0 = Release|Any CPU
		{39997A7F-C7A7-4F99-B316-9B54758AFA52}.Release|x86.ActiveCfg = Release|Any CPU
		{39997A7F-C7A7-4F99-B316-9B54758AFA52}.Release|x86.Build.0 = Release|Any CPU
		{556C351B-6945-4562-9944-C9876207E4D0}.Debug|Any CPU.ActiveCfg = Debug|Any CPU
		{556C351B-6945-4562-9944-C9876207E4D0}.Debug|Any CPU.Build.0 = Debug|Any CPU
		{556C351B-6945-4562-9944-C9876207E4D0}.Debug|x64.ActiveCfg = Debug|Any CPU
		{556C351B-6945-4562-9944-C9876207E4D0}.Debug|x64.Build.0 = Debug|Any CPU
		{556C351B-6945-4562-9944-C9876207E4D0}.Debug|x86.ActiveCfg = Debug|Any CPU
		{556C351B-6945-4562-9944-C9876207E4D0}.Debug|x86.Build.0 = Debug|Any CPU
		{556C351B-6945-4562-9944-C9876207E4D0}.Release|Any CPU.ActiveCfg = Release|Any CPU
		{556C351B-6945-4562-9944-C9876207E4D0}.Release|Any CPU.Build.0 = Release|Any CPU
		{556C351B-6945-4562-9944-C9876207E4D0}.Release|x64.ActiveCfg = Release|Any CPU
		{556C351B-6945-4562-9944-C9876207E4D0}.Release|x64.Build.0 = Release|Any CPU
		{556C351B-6945-4562-9944-C9876207E4D0}.Release|x86.ActiveCfg = Release|Any CPU
		{556C351B-6945-4562-9944-C9876207E4D0}.Release|x86.Build.0 = Release|Any CPU
		{4E4E6CCB-DA94-4954-B206-B4D931581D09}.Debug|Any CPU.ActiveCfg = Debug|Any CPU
		{4E4E6CCB-DA94-4954-B206-B4D931581D09}.Debug|Any CPU.Build.0 = Debug|Any CPU
		{4E4E6CCB-DA94-4954-B206-B4D931581D09}.Debug|x64.ActiveCfg = Debug|Any CPU
		{4E4E6CCB-DA94-4954-B206-B4D931581D09}.Debug|x64.Build.0 = Debug|Any CPU
		{4E4E6CCB-DA94-4954-B206-B4D931581D09}.Debug|x86.ActiveCfg = Debug|Any CPU
		{4E4E6CCB-DA94-4954-B206-B4D931581D09}.Debug|x86.Build.0 = Debug|Any CPU
		{4E4E6CCB-DA94-4954-B206-B4D931581D09}.Release|Any CPU.ActiveCfg = Release|Any CPU
		{4E4E6CCB-DA94-4954-B206-B4D931581D09}.Release|Any CPU.Build.0 = Release|Any CPU
		{4E4E6CCB-DA94-4954-B206-B4D931581D09}.Release|x64.ActiveCfg = Release|Any CPU
		{4E4E6CCB-DA94-4954-B206-B4D931581D09}.Release|x64.Build.0 = Release|Any CPU
		{4E4E6CCB-DA94-4954-B206-B4D931581D09}.Release|x86.ActiveCfg = Release|Any CPU
		{4E4E6CCB-DA94-4954-B206-B4D931581D09}.Release|x86.Build.0 = Release|Any CPU
<<<<<<< Updated upstream
=======
		{184275A8-F06C-47E1-B031-E384ACC1E1D7}.Debug|Any CPU.ActiveCfg = Debug|Any CPU
		{184275A8-F06C-47E1-B031-E384ACC1E1D7}.Debug|Any CPU.Build.0 = Debug|Any CPU
		{184275A8-F06C-47E1-B031-E384ACC1E1D7}.Debug|x64.ActiveCfg = Debug|Any CPU
		{184275A8-F06C-47E1-B031-E384ACC1E1D7}.Debug|x64.Build.0 = Debug|Any CPU
		{184275A8-F06C-47E1-B031-E384ACC1E1D7}.Debug|x86.ActiveCfg = Debug|Any CPU
		{184275A8-F06C-47E1-B031-E384ACC1E1D7}.Debug|x86.Build.0 = Debug|Any CPU
		{184275A8-F06C-47E1-B031-E384ACC1E1D7}.Release|Any CPU.ActiveCfg = Release|Any CPU
		{184275A8-F06C-47E1-B031-E384ACC1E1D7}.Release|Any CPU.Build.0 = Release|Any CPU
		{184275A8-F06C-47E1-B031-E384ACC1E1D7}.Release|x64.ActiveCfg = Release|Any CPU
		{184275A8-F06C-47E1-B031-E384ACC1E1D7}.Release|x64.Build.0 = Release|Any CPU
		{184275A8-F06C-47E1-B031-E384ACC1E1D7}.Release|x86.ActiveCfg = Release|Any CPU
		{184275A8-F06C-47E1-B031-E384ACC1E1D7}.Release|x86.Build.0 = Release|Any CPU
		{F535C8D5-72C5-4048-8CCE-CCB7808C46C0}.Debug|Any CPU.ActiveCfg = Debug|Any CPU
		{F535C8D5-72C5-4048-8CCE-CCB7808C46C0}.Debug|Any CPU.Build.0 = Debug|Any CPU
		{F535C8D5-72C5-4048-8CCE-CCB7808C46C0}.Debug|x64.ActiveCfg = Debug|Any CPU
		{F535C8D5-72C5-4048-8CCE-CCB7808C46C0}.Debug|x64.Build.0 = Debug|Any CPU
		{F535C8D5-72C5-4048-8CCE-CCB7808C46C0}.Debug|x86.ActiveCfg = Debug|Any CPU
		{F535C8D5-72C5-4048-8CCE-CCB7808C46C0}.Debug|x86.Build.0 = Debug|Any CPU
		{F535C8D5-72C5-4048-8CCE-CCB7808C46C0}.Release|Any CPU.ActiveCfg = Release|Any CPU
		{F535C8D5-72C5-4048-8CCE-CCB7808C46C0}.Release|Any CPU.Build.0 = Release|Any CPU
		{F535C8D5-72C5-4048-8CCE-CCB7808C46C0}.Release|x64.ActiveCfg = Release|Any CPU
		{F535C8D5-72C5-4048-8CCE-CCB7808C46C0}.Release|x64.Build.0 = Release|Any CPU
		{F535C8D5-72C5-4048-8CCE-CCB7808C46C0}.Release|x86.ActiveCfg = Release|Any CPU
		{F535C8D5-72C5-4048-8CCE-CCB7808C46C0}.Release|x86.Build.0 = Release|Any CPU
		{737BB122-A800-4BC6-8228-C9CDA3A52024}.Debug|Any CPU.ActiveCfg = Debug|Any CPU
		{737BB122-A800-4BC6-8228-C9CDA3A52024}.Debug|Any CPU.Build.0 = Debug|Any CPU
		{737BB122-A800-4BC6-8228-C9CDA3A52024}.Debug|x64.ActiveCfg = Debug|Any CPU
		{737BB122-A800-4BC6-8228-C9CDA3A52024}.Debug|x64.Build.0 = Debug|Any CPU
		{737BB122-A800-4BC6-8228-C9CDA3A52024}.Debug|x86.ActiveCfg = Debug|Any CPU
		{737BB122-A800-4BC6-8228-C9CDA3A52024}.Debug|x86.Build.0 = Debug|Any CPU
		{737BB122-A800-4BC6-8228-C9CDA3A52024}.Release|Any CPU.ActiveCfg = Release|Any CPU
		{737BB122-A800-4BC6-8228-C9CDA3A52024}.Release|Any CPU.Build.0 = Release|Any CPU
		{737BB122-A800-4BC6-8228-C9CDA3A52024}.Release|x64.ActiveCfg = Release|Any CPU
		{737BB122-A800-4BC6-8228-C9CDA3A52024}.Release|x64.Build.0 = Release|Any CPU
		{737BB122-A800-4BC6-8228-C9CDA3A52024}.Release|x86.ActiveCfg = Release|Any CPU
		{737BB122-A800-4BC6-8228-C9CDA3A52024}.Release|x86.Build.0 = Release|Any CPU
		{1907D63A-6C81-40D6-9618-925688B0840F}.Debug|Any CPU.ActiveCfg = Debug|Any CPU
		{1907D63A-6C81-40D6-9618-925688B0840F}.Debug|Any CPU.Build.0 = Debug|Any CPU
		{1907D63A-6C81-40D6-9618-925688B0840F}.Debug|x64.ActiveCfg = Debug|Any CPU
		{1907D63A-6C81-40D6-9618-925688B0840F}.Debug|x64.Build.0 = Debug|Any CPU
		{1907D63A-6C81-40D6-9618-925688B0840F}.Debug|x86.ActiveCfg = Debug|Any CPU
		{1907D63A-6C81-40D6-9618-925688B0840F}.Debug|x86.Build.0 = Debug|Any CPU
		{1907D63A-6C81-40D6-9618-925688B0840F}.Release|Any CPU.ActiveCfg = Release|Any CPU
		{1907D63A-6C81-40D6-9618-925688B0840F}.Release|Any CPU.Build.0 = Release|Any CPU
		{1907D63A-6C81-40D6-9618-925688B0840F}.Release|x64.ActiveCfg = Release|Any CPU
		{1907D63A-6C81-40D6-9618-925688B0840F}.Release|x64.Build.0 = Release|Any CPU
		{1907D63A-6C81-40D6-9618-925688B0840F}.Release|x86.ActiveCfg = Release|Any CPU
		{1907D63A-6C81-40D6-9618-925688B0840F}.Release|x86.Build.0 = Release|Any CPU
		{00782DAE-83B2-4FCB-9325-DFF763683DCD}.Debug|Any CPU.ActiveCfg = Debug|Any CPU
		{00782DAE-83B2-4FCB-9325-DFF763683DCD}.Debug|Any CPU.Build.0 = Debug|Any CPU
		{00782DAE-83B2-4FCB-9325-DFF763683DCD}.Debug|x64.ActiveCfg = Debug|Any CPU
		{00782DAE-83B2-4FCB-9325-DFF763683DCD}.Debug|x64.Build.0 = Debug|Any CPU
		{00782DAE-83B2-4FCB-9325-DFF763683DCD}.Debug|x86.ActiveCfg = Debug|Any CPU
		{00782DAE-83B2-4FCB-9325-DFF763683DCD}.Debug|x86.Build.0 = Debug|Any CPU
		{00782DAE-83B2-4FCB-9325-DFF763683DCD}.Release|Any CPU.ActiveCfg = Release|Any CPU
		{00782DAE-83B2-4FCB-9325-DFF763683DCD}.Release|Any CPU.Build.0 = Release|Any CPU
		{00782DAE-83B2-4FCB-9325-DFF763683DCD}.Release|x64.ActiveCfg = Release|Any CPU
		{00782DAE-83B2-4FCB-9325-DFF763683DCD}.Release|x64.Build.0 = Release|Any CPU
		{00782DAE-83B2-4FCB-9325-DFF763683DCD}.Release|x86.ActiveCfg = Release|Any CPU
		{00782DAE-83B2-4FCB-9325-DFF763683DCD}.Release|x86.Build.0 = Release|Any CPU
>>>>>>> Stashed changes
	EndGlobalSection
	GlobalSection(SolutionProperties) = preSolution
		HideSolutionNode = FALSE
	EndGlobalSection
	GlobalSection(NestedProjects) = preSolution
		{7FACA80D-3737-9F55-745C-4E0664411CA4} = {1AE8ACA6-933B-BF2A-3671-3E2EAC007D16}
		{16C52528-042A-4C14-83B2-5354358D0BC4} = {7FACA80D-3737-9F55-745C-4E0664411CA4}
		{3C755975-A7BD-44BC-C8F9-5B13F14529BF} = {1AE8ACA6-933B-BF2A-3671-3E2EAC007D16}
		{84D846BE-2C94-4A38-889E-56BF64E99E01} = {3C755975-A7BD-44BC-C8F9-5B13F14529BF}
		{39997A7F-C7A7-4F99-B316-9B54758AFA52} = {3C755975-A7BD-44BC-C8F9-5B13F14529BF}
		{556C351B-6945-4562-9944-C9876207E4D0} = {3C755975-A7BD-44BC-C8F9-5B13F14529BF}
		{4E4E6CCB-DA94-4954-B206-B4D931581D09} = {CE609670-85B9-0D16-FB54-ED063D5D8A6D}
<<<<<<< Updated upstream
=======
		{184275A8-F06C-47E1-B031-E384ACC1E1D7} = {3C755975-A7BD-44BC-C8F9-5B13F14529BF}
		{F535C8D5-72C5-4048-8CCE-CCB7808C46C0} = {3C755975-A7BD-44BC-C8F9-5B13F14529BF}
		{D256F550-A13F-C4C1-EAE9-61991241801C} = {DAD03CFC-D5FA-AC94-41C7-9ABAB326F09E}
		{737BB122-A800-4BC6-8228-C9CDA3A52024} = {D256F550-A13F-C4C1-EAE9-61991241801C}
		{1907D63A-6C81-40D6-9618-925688B0840F} = {D256F550-A13F-C4C1-EAE9-61991241801C}
		{00782DAE-83B2-4FCB-9325-DFF763683DCD} = {3C755975-A7BD-44BC-C8F9-5B13F14529BF}
>>>>>>> Stashed changes
	EndGlobalSection
	GlobalSection(ExtensibilityGlobals) = postSolution
		SolutionGuid = {1AB81851-7279-47D6-AE2D-BA4A086BC2E7}
	EndGlobalSection
EndGlobal
